// !$*UTF8*$!
{
	archiveVersion = 1;
	classes = {
	};
	objectVersion = 55;
	objects = {

/* Begin PBXBuildFile section */
		A5A03F58283B912B0005E41E /* AppDelegate.swift in Sources */ = {isa = PBXBuildFile; fileRef = A5A03F57283B912B0005E41E /* AppDelegate.swift */; };
		A5A03F5A283B912B0005E41E /* SceneDelegate.swift in Sources */ = {isa = PBXBuildFile; fileRef = A5A03F59283B912B0005E41E /* SceneDelegate.swift */; };
		A5A03F5C283B912B0005E41E /* TabBarController.swift in Sources */ = {isa = PBXBuildFile; fileRef = A5A03F5B283B912B0005E41E /* TabBarController.swift */; };
		A5A03F61283B912C0005E41E /* Assets.xcassets in Resources */ = {isa = PBXBuildFile; fileRef = A5A03F60283B912C0005E41E /* Assets.xcassets */; };
		A5A03F64283B912C0005E41E /* LaunchScreen.storyboard in Resources */ = {isa = PBXBuildFile; fileRef = A5A03F62283B912C0005E41E /* LaunchScreen.storyboard */; };
		A5A03F6D283B92FB0005E41E /* StarDiaryViewController.swift in Sources */ = {isa = PBXBuildFile; fileRef = A5A03F6C283B92FB0005E41E /* StarDiaryViewController.swift */; };
		A5A03F6F283B930B0005E41E /* DiaryViewController.swift in Sources */ = {isa = PBXBuildFile; fileRef = A5A03F6E283B930B0005E41E /* DiaryViewController.swift */; };
		A5A03F72283BA5100005E41E /* SnapKit in Frameworks */ = {isa = PBXBuildFile; productRef = A5A03F71283BA5100005E41E /* SnapKit */; };
		A5A03F75283BA5FB0005E41E /* Diary.swift in Sources */ = {isa = PBXBuildFile; fileRef = A5A03F74283BA5FB0005E41E /* Diary.swift */; };
		A5A03F77283BA9260005E41E /* DiaryCollectionViewCell.swift in Sources */ = {isa = PBXBuildFile; fileRef = A5A03F76283BA9260005E41E /* DiaryCollectionViewCell.swift */; };
		A5A03F79283BB4B10005E41E /* DiaryDetailViewController.swift in Sources */ = {isa = PBXBuildFile; fileRef = A5A03F78283BB4B10005E41E /* DiaryDetailViewController.swift */; };
		A5A03F7B283BB68F0005E41E /* WriteDiaryViewController.swift in Sources */ = {isa = PBXBuildFile; fileRef = A5A03F7A283BB68F0005E41E /* WriteDiaryViewController.swift */; };
		A5A03F7D283BB7340005E41E /* StarCollectionViewCell.swift in Sources */ = {isa = PBXBuildFile; fileRef = A5A03F7C283BB7340005E41E /* StarCollectionViewCell.swift */; };
/* End PBXBuildFile section */

/* Begin PBXFileReference section */
		A5A03F54283B912A0005E41E /* Swift_DiaryApp.app */ = {isa = PBXFileReference; explicitFileType = wrapper.application; includeInIndex = 0; path = Swift_DiaryApp.app; sourceTree = BUILT_PRODUCTS_DIR; };
		A5A03F57283B912B0005E41E /* AppDelegate.swift */ = {isa = PBXFileReference; lastKnownFileType = sourcecode.swift; path = AppDelegate.swift; sourceTree = "<group>"; };
		A5A03F59283B912B0005E41E /* SceneDelegate.swift */ = {isa = PBXFileReference; lastKnownFileType = sourcecode.swift; path = SceneDelegate.swift; sourceTree = "<group>"; };
		A5A03F5B283B912B0005E41E /* TabBarController.swift */ = {isa = PBXFileReference; lastKnownFileType = sourcecode.swift; path = TabBarController.swift; sourceTree = "<group>"; };
		A5A03F60283B912C0005E41E /* Assets.xcassets */ = {isa = PBXFileReference; lastKnownFileType = folder.assetcatalog; path = Assets.xcassets; sourceTree = "<group>"; };
		A5A03F63283B912C0005E41E /* Base */ = {isa = PBXFileReference; lastKnownFileType = file.storyboard; name = Base; path = Base.lproj/LaunchScreen.storyboard; sourceTree = "<group>"; };
		A5A03F65283B912C0005E41E /* Info.plist */ = {isa = PBXFileReference; lastKnownFileType = text.plist.xml; path = Info.plist; sourceTree = "<group>"; };
		A5A03F6C283B92FB0005E41E /* StarDiaryViewController.swift */ = {isa = PBXFileReference; lastKnownFileType = sourcecode.swift; path = StarDiaryViewController.swift; sourceTree = "<group>"; };
		A5A03F6E283B930B0005E41E /* DiaryViewController.swift */ = {isa = PBXFileReference; lastKnownFileType = sourcecode.swift; path = DiaryViewController.swift; sourceTree = "<group>"; };
		A5A03F74283BA5FB0005E41E /* Diary.swift */ = {isa = PBXFileReference; lastKnownFileType = sourcecode.swift; path = Diary.swift; sourceTree = "<group>"; };
		A5A03F76283BA9260005E41E /* DiaryCollectionViewCell.swift */ = {isa = PBXFileReference; lastKnownFileType = sourcecode.swift; path = DiaryCollectionViewCell.swift; sourceTree = "<group>"; };
		A5A03F78283BB4B10005E41E /* DiaryDetailViewController.swift */ = {isa = PBXFileReference; lastKnownFileType = sourcecode.swift; path = DiaryDetailViewController.swift; sourceTree = "<group>"; };
		A5A03F7A283BB68F0005E41E /* WriteDiaryViewController.swift */ = {isa = PBXFileReference; lastKnownFileType = sourcecode.swift; path = WriteDiaryViewController.swift; sourceTree = "<group>"; };
		A5A03F7C283BB7340005E41E /* StarCollectionViewCell.swift */ = {isa = PBXFileReference; lastKnownFileType = sourcecode.swift; path = StarCollectionViewCell.swift; sourceTree = "<group>"; };
/* End PBXFileReference section */

/* Begin PBXFrameworksBuildPhase section */
		A5A03F51283B912A0005E41E /* Frameworks */ = {
			isa = PBXFrameworksBuildPhase;
			buildActionMask = 2147483647;
			files = (
				A5A03F72283BA5100005E41E /* SnapKit in Frameworks */,
			);
			runOnlyForDeploymentPostprocessing = 0;
		};
/* End PBXFrameworksBuildPhase section */

/* Begin PBXGroup section */
		A5A03F4B283B912A0005E41E = {
			isa = PBXGroup;
			children = (
				A5A03F56283B912A0005E41E /* Swift_DiaryApp */,
				A5A03F55283B912A0005E41E /* Products */,
			);
			sourceTree = "<group>";
		};
		A5A03F55283B912A0005E41E /* Products */ = {
			isa = PBXGroup;
			children = (
				A5A03F54283B912A0005E41E /* Swift_DiaryApp.app */,
			);
			name = Products;
			sourceTree = "<group>";
		};
		A5A03F56283B912A0005E41E /* Swift_DiaryApp */ = {
			isa = PBXGroup;
			children = (
				A5A03F57283B912B0005E41E /* AppDelegate.swift */,
				A5A03F59283B912B0005E41E /* SceneDelegate.swift */,
				A5A03F5B283B912B0005E41E /* TabBarController.swift */,
				A5A03F73283BA5DA0005E41E /* Diary */,
				A5A03F6B283B92E50005E41E /* Star */,
				A5A03F60283B912C0005E41E /* Assets.xcassets */,
				A5A03F62283B912C0005E41E /* LaunchScreen.storyboard */,
				A5A03F65283B912C0005E41E /* Info.plist */,
			);
			path = Swift_DiaryApp;
			sourceTree = "<group>";
		};
		A5A03F6B283B92E50005E41E /* Star */ = {
			isa = PBXGroup;
			children = (
				A5A03F6C283B92FB0005E41E /* StarDiaryViewController.swift */,
				A5A03F7C283BB7340005E41E /* StarCollectionViewCell.swift */,
			);
			path = Star;
			sourceTree = "<group>";
		};
		A5A03F73283BA5DA0005E41E /* Diary */ = {
			isa = PBXGroup;
			children = (
				A5A03F6E283B930B0005E41E /* DiaryViewController.swift */,
				A5A03F74283BA5FB0005E41E /* Diary.swift */,
				A5A03F76283BA9260005E41E /* DiaryCollectionViewCell.swift */,
				A5A03F78283BB4B10005E41E /* DiaryDetailViewController.swift */,
				A5A03F7A283BB68F0005E41E /* WriteDiaryViewController.swift */,
			);
			path = Diary;
			sourceTree = "<group>";
		};
/* End PBXGroup section */

/* Begin PBXNativeTarget section */
		A5A03F53283B912A0005E41E /* Swift_DiaryApp */ = {
			isa = PBXNativeTarget;
			buildConfigurationList = A5A03F68283B912C0005E41E /* Build configuration list for PBXNativeTarget "Swift_DiaryApp" */;
			buildPhases = (
				A5A03F50283B912A0005E41E /* Sources */,
				A5A03F51283B912A0005E41E /* Frameworks */,
				A5A03F52283B912A0005E41E /* Resources */,
			);
			buildRules = (
			);
			dependencies = (
			);
			name = Swift_DiaryApp;
			packageProductDependencies = (
				A5A03F71283BA5100005E41E /* SnapKit */,
			);
			productName = Swift_DiaryApp;
			productReference = A5A03F54283B912A0005E41E /* Swift_DiaryApp.app */;
			productType = "com.apple.product-type.application";
		};
/* End PBXNativeTarget section */

/* Begin PBXProject section */
		A5A03F4C283B912A0005E41E /* Project object */ = {
			isa = PBXProject;
			attributes = {
				BuildIndependentTargetsInParallel = 1;
				LastSwiftUpdateCheck = 1340;
				LastUpgradeCheck = 1340;
				TargetAttributes = {
					A5A03F53283B912A0005E41E = {
						CreatedOnToolsVersion = 13.4;
					};
				};
			};
			buildConfigurationList = A5A03F4F283B912A0005E41E /* Build configuration list for PBXProject "Swift_DiaryApp" */;
			compatibilityVersion = "Xcode 13.0";
			developmentRegion = en;
			hasScannedForEncodings = 0;
			knownRegions = (
				en,
				Base,
			);
			mainGroup = A5A03F4B283B912A0005E41E;
			packageReferences = (
				A5A03F70283BA5100005E41E /* XCRemoteSwiftPackageReference "SnapKit" */,
			);
			productRefGroup = A5A03F55283B912A0005E41E /* Products */;
			projectDirPath = "";
			projectRoot = "";
			targets = (
				A5A03F53283B912A0005E41E /* Swift_DiaryApp */,
			);
		};
/* End PBXProject section */

/* Begin PBXResourcesBuildPhase section */
		A5A03F52283B912A0005E41E /* Resources */ = {
			isa = PBXResourcesBuildPhase;
			buildActionMask = 2147483647;
			files = (
				A5A03F64283B912C0005E41E /* LaunchScreen.storyboard in Resources */,
				A5A03F61283B912C0005E41E /* Assets.xcassets in Resources */,
			);
			runOnlyForDeploymentPostprocessing = 0;
		};
/* End PBXResourcesBuildPhase section */

/* Begin PBXSourcesBuildPhase section */
		A5A03F50283B912A0005E41E /* Sources */ = {
			isa = PBXSourcesBuildPhase;
			buildActionMask = 2147483647;
			files = (
				A5A03F5C283B912B0005E41E /* TabBarController.swift in Sources */,
				A5A03F6F283B930B0005E41E /* DiaryViewController.swift in Sources */,
				A5A03F58283B912B0005E41E /* AppDelegate.swift in Sources */,
				A5A03F7B283BB68F0005E41E /* WriteDiaryViewController.swift in Sources */,
				A5A03F6D283B92FB0005E41E /* StarDiaryViewController.swift in Sources */,
				A5A03F5A283B912B0005E41E /* SceneDelegate.swift in Sources */,
				A5A03F7D283BB7340005E41E /* StarCollectionViewCell.swift in Sources */,
				A5A03F79283BB4B10005E41E /* DiaryDetailViewController.swift in Sources */,
				A5A03F75283BA5FB0005E41E /* Diary.swift in Sources */,
				A5A03F77283BA9260005E41E /* DiaryCollectionViewCell.swift in Sources */,
			);
			runOnlyForDeploymentPostprocessing = 0;
		};
/* End PBXSourcesBuildPhase section */

/* Begin PBXVariantGroup section */
		A5A03F62283B912C0005E41E /* LaunchScreen.storyboard */ = {
			isa = PBXVariantGroup;
			children = (
				A5A03F63283B912C0005E41E /* Base */,
			);
			name = LaunchScreen.storyboard;
			sourceTree = "<group>";
		};
/* End PBXVariantGroup section */

/* Begin XCBuildConfiguration section */
		A5A03F66283B912C0005E41E /* Debug */ = {
			isa = XCBuildConfiguration;
			buildSettings = {
				ALWAYS_SEARCH_USER_PATHS = NO;
				CLANG_ANALYZER_NONNULL = YES;
				CLANG_ANALYZER_NUMBER_OBJECT_CONVERSION = YES_AGGRESSIVE;
				CLANG_CXX_LANGUAGE_STANDARD = "gnu++17";
				CLANG_ENABLE_MODULES = YES;
				CLANG_ENABLE_OBJC_ARC = YES;
				CLANG_ENABLE_OBJC_WEAK = YES;
				CLANG_WARN_BLOCK_CAPTURE_AUTORELEASING = YES;
				CLANG_WARN_BOOL_CONVERSION = YES;
				CLANG_WARN_COMMA = YES;
				CLANG_WARN_CONSTANT_CONVERSION = YES;
				CLANG_WARN_DEPRECATED_OBJC_IMPLEMENTATIONS = YES;
				CLANG_WARN_DIRECT_OBJC_ISA_USAGE = YES_ERROR;
				CLANG_WARN_DOCUMENTATION_COMMENTS = YES;
				CLANG_WARN_EMPTY_BODY = YES;
				CLANG_WARN_ENUM_CONVERSION = YES;
				CLANG_WARN_INFINITE_RECURSION = YES;
				CLANG_WARN_INT_CONVERSION = YES;
				CLANG_WARN_NON_LITERAL_NULL_CONVERSION = YES;
				CLANG_WARN_OBJC_IMPLICIT_RETAIN_SELF = YES;
				CLANG_WARN_OBJC_LITERAL_CONVERSION = YES;
				CLANG_WARN_OBJC_ROOT_CLASS = YES_ERROR;
				CLANG_WARN_QUOTED_INCLUDE_IN_FRAMEWORK_HEADER = YES;
				CLANG_WARN_RANGE_LOOP_ANALYSIS = YES;
				CLANG_WARN_STRICT_PROTOTYPES = YES;
				CLANG_WARN_SUSPICIOUS_MOVE = YES;
				CLANG_WARN_UNGUARDED_AVAILABILITY = YES_AGGRESSIVE;
				CLANG_WARN_UNREACHABLE_CODE = YES;
				CLANG_WARN__DUPLICATE_METHOD_MATCH = YES;
				COPY_PHASE_STRIP = NO;
				DEBUG_INFORMATION_FORMAT = dwarf;
				ENABLE_STRICT_OBJC_MSGSEND = YES;
				ENABLE_TESTABILITY = YES;
				GCC_C_LANGUAGE_STANDARD = gnu11;
				GCC_DYNAMIC_NO_PIC = NO;
				GCC_NO_COMMON_BLOCKS = YES;
				GCC_OPTIMIZATION_LEVEL = 0;
				GCC_PREPROCESSOR_DEFINITIONS = (
					"DEBUG=1",
					"$(inherited)",
				);
				GCC_WARN_64_TO_32_BIT_CONVERSION = YES;
				GCC_WARN_ABOUT_RETURN_TYPE = YES_ERROR;
				GCC_WARN_UNDECLARED_SELECTOR = YES;
				GCC_WARN_UNINITIALIZED_AUTOS = YES_AGGRESSIVE;
				GCC_WARN_UNUSED_FUNCTION = YES;
				GCC_WARN_UNUSED_VARIABLE = YES;
				IPHONEOS_DEPLOYMENT_TARGET = 15.5;
				MTL_ENABLE_DEBUG_INFO = INCLUDE_SOURCE;
				MTL_FAST_MATH = YES;
				ONLY_ACTIVE_ARCH = YES;
				SDKROOT = iphoneos;
				SWIFT_ACTIVE_COMPILATION_CONDITIONS = DEBUG;
				SWIFT_OPTIMIZATION_LEVEL = "-Onone";
			};
			name = Debug;
		};
		A5A03F67283B912C0005E41E /* Release */ = {
			isa = XCBuildConfiguration;
			buildSettings = {
				ALWAYS_SEARCH_USER_PATHS = NO;
				CLANG_ANALYZER_NONNULL = YES;
				CLANG_ANALYZER_NUMBER_OBJECT_CONVERSION = YES_AGGRESSIVE;
				CLANG_CXX_LANGUAGE_STANDARD = "gnu++17";
				CLANG_ENABLE_MODULES = YES;
				CLANG_ENABLE_OBJC_ARC = YES;
				CLANG_ENABLE_OBJC_WEAK = YES;
				CLANG_WARN_BLOCK_CAPTURE_AUTORELEASING = YES;
				CLANG_WARN_BOOL_CONVERSION = YES;
				CLANG_WARN_COMMA = YES;
				CLANG_WARN_CONSTANT_CONVERSION = YES;
				CLANG_WARN_DEPRECATED_OBJC_IMPLEMENTATIONS = YES;
				CLANG_WARN_DIRECT_OBJC_ISA_USAGE = YES_ERROR;
				CLANG_WARN_DOCUMENTATION_COMMENTS = YES;
				CLANG_WARN_EMPTY_BODY = YES;
				CLANG_WARN_ENUM_CONVERSION = YES;
				CLANG_WARN_INFINITE_RECURSION = YES;
				CLANG_WARN_INT_CONVERSION = YES;
				CLANG_WARN_NON_LITERAL_NULL_CONVERSION = YES;
				CLANG_WARN_OBJC_IMPLICIT_RETAIN_SELF = YES;
				CLANG_WARN_OBJC_LITERAL_CONVERSION = YES;
				CLANG_WARN_OBJC_ROOT_CLASS = YES_ERROR;
				CLANG_WARN_QUOTED_INCLUDE_IN_FRAMEWORK_HEADER = YES;
				CLANG_WARN_RANGE_LOOP_ANALYSIS = YES;
				CLANG_WARN_STRICT_PROTOTYPES = YES;
				CLANG_WARN_SUSPICIOUS_MOVE = YES;
				CLANG_WARN_UNGUARDED_AVAILABILITY = YES_AGGRESSIVE;
				CLANG_WARN_UNREACHABLE_CODE = YES;
				CLANG_WARN__DUPLICATE_METHOD_MATCH = YES;
				COPY_PHASE_STRIP = NO;
				DEBUG_INFORMATION_FORMAT = "dwarf-with-dsym";
				ENABLE_NS_ASSERTIONS = NO;
				ENABLE_STRICT_OBJC_MSGSEND = YES;
				GCC_C_LANGUAGE_STANDARD = gnu11;
				GCC_NO_COMMON_BLOCKS = YES;
				GCC_WARN_64_TO_32_BIT_CONVERSION = YES;
				GCC_WARN_ABOUT_RETURN_TYPE = YES_ERROR;
				GCC_WARN_UNDECLARED_SELECTOR = YES;
				GCC_WARN_UNINITIALIZED_AUTOS = YES_AGGRESSIVE;
				GCC_WARN_UNUSED_FUNCTION = YES;
				GCC_WARN_UNUSED_VARIABLE = YES;
				IPHONEOS_DEPLOYMENT_TARGET = 15.5;
				MTL_ENABLE_DEBUG_INFO = NO;
				MTL_FAST_MATH = YES;
				SDKROOT = iphoneos;
				SWIFT_COMPILATION_MODE = wholemodule;
				SWIFT_OPTIMIZATION_LEVEL = "-O";
				VALIDATE_PRODUCT = YES;
			};
			name = Release;
		};
		A5A03F69283B912C0005E41E /* Debug */ = {
			isa = XCBuildConfiguration;
			buildSettings = {
				ASSETCATALOG_COMPILER_APPICON_NAME = AppIcon;
				ASSETCATALOG_COMPILER_GLOBAL_ACCENT_COLOR_NAME = AccentColor;
				CODE_SIGN_STYLE = Automatic;
				CURRENT_PROJECT_VERSION = 1;
				DEVELOPMENT_TEAM = 547FDNLPUV;
				GENERATE_INFOPLIST_FILE = YES;
				INFOPLIST_FILE = Swift_DiaryApp/Info.plist;
				INFOPLIST_KEY_UIApplicationSupportsIndirectInputEvents = YES;
				INFOPLIST_KEY_UILaunchStoryboardName = LaunchScreen;
				INFOPLIST_KEY_UISupportedInterfaceOrientations_iPad = "UIInterfaceOrientationPortrait UIInterfaceOrientationPortraitUpsideDown UIInterfaceOrientationLandscapeLeft UIInterfaceOrientationLandscapeRight";
				INFOPLIST_KEY_UISupportedInterfaceOrientations_iPhone = "UIInterfaceOrientationPortrait UIInterfaceOrientationLandscapeLeft UIInterfaceOrientationLandscapeRight";
				LD_RUNPATH_SEARCH_PATHS = (
					"$(inherited)",
					"@executable_path/Frameworks",
				);
				MARKETING_VERSION = 1.0;
				PRODUCT_BUNDLE_IDENTIFIER = "yang.Swift-DiaryApp";
				PRODUCT_NAME = "$(TARGET_NAME)";
				SWIFT_EMIT_LOC_STRINGS = YES;
				SWIFT_VERSION = 5.0;
				TARGETED_DEVICE_FAMILY = "1,2";
			};
			name = Debug;
		};
		A5A03F6A283B912C0005E41E /* Release */ = {
			isa = XCBuildConfiguration;
			buildSettings = {
				ASSETCATALOG_COMPILER_APPICON_NAME = AppIcon;
				ASSETCATALOG_COMPILER_GLOBAL_ACCENT_COLOR_NAME = AccentColor;
				CODE_SIGN_STYLE = Automatic;
				CURRENT_PROJECT_VERSION = 1;
				DEVELOPMENT_TEAM = 547FDNLPUV;
				GENERATE_INFOPLIST_FILE = YES;
				INFOPLIST_FILE = Swift_DiaryApp/Info.plist;
				INFOPLIST_KEY_UIApplicationSupportsIndirectInputEvents = YES;
				INFOPLIST_KEY_UILaunchStoryboardName = LaunchScreen;
				INFOPLIST_KEY_UISupportedInterfaceOrientations_iPad = "UIInterfaceOrientationPortrait UIInterfaceOrientationPortraitUpsideDown UIInterfaceOrientationLandscapeLeft UIInterfaceOrientationLandscapeRight";
				INFOPLIST_KEY_UISupportedInterfaceOrientations_iPhone = "UIInterfaceOrientationPortrait UIInterfaceOrientationLandscapeLeft UIInterfaceOrientationLandscapeRight";
				LD_RUNPATH_SEARCH_PATHS = (
					"$(inherited)",
					"@executable_path/Frameworks",
				);
				MARKETING_VERSION = 1.0;
				PRODUCT_BUNDLE_IDENTIFIER = "yang.Swift-DiaryApp";
				PRODUCT_NAME = "$(TARGET_NAME)";
				SWIFT_EMIT_LOC_STRINGS = YES;
				SWIFT_VERSION = 5.0;
				TARGETED_DEVICE_FAMILY = "1,2";
			};
			name = Release;
		};
/* End XCBuildConfiguration section */

/* Begin XCConfigurationList section */
		A5A03F4F283B912A0005E41E /* Build configuration list for PBXProject "Swift_DiaryApp" */ = {
			isa = XCConfigurationList;
			buildConfigurations = (
				A5A03F66283B912C0005E41E /* Debug */,
				A5A03F67283B912C0005E41E /* Release */,
			);
			defaultConfigurationIsVisible = 0;
			defaultConfigurationName = Release;
		};
		A5A03F68283B912C0005E41E /* Build configuration list for PBXNativeTarget "Swift_DiaryApp" */ = {
			isa = XCConfigurationList;
			buildConfigurations = (
				A5A03F69283B912C0005E41E /* Debug */,
				A5A03F6A283B912C0005E41E /* Release */,
			);
			defaultConfigurationIsVisible = 0;
			defaultConfigurationName = Release;
		};
/* End XCConfigurationList section */

/* Begin XCRemoteSwiftPackageReference section */
		A5A03F70283BA5100005E41E /* XCRemoteSwiftPackageReference "SnapKit" */ = {
			isa = XCRemoteSwiftPackageReference;
			repositoryURL = "https://github.com/SnapKit/SnapKit.git";
			requirement = {
				kind = upToNextMajorVersion;
				minimumVersion = 5.0.0;
			};
		};
/* End XCRemoteSwiftPackageReference section */

/* Begin XCSwiftPackageProductDependency section */
		A5A03F71283BA5100005E41E /* SnapKit */ = {
			isa = XCSwiftPackageProductDependency;
			package = A5A03F70283BA5100005E41E /* XCRemoteSwiftPackageReference "SnapKit" */;
			productName = SnapKit;
		};
/* End XCSwiftPackageProductDependency section */
	};
	rootObject = A5A03F4C283B912A0005E41E /* Project object */;
}
