// !$*UTF8*$!
{
	archiveVersion = 1;
	classes = {
	};
	objectVersion = 55;
	objects = {

/* Begin PBXBuildFile section */
		43E9FC0C4658EFDB6E6F76C9 /* Pods_GitHubRepositoryApp.framework in Frameworks */ = {isa = PBXBuildFile; fileRef = 1DE81CEB5CE4142E230F66EE /* Pods_GitHubRepositoryApp.framework */; };
		A5C0B10727FD61AC0085E072 /* AppDelegate.swift in Sources */ = {isa = PBXBuildFile; fileRef = A5C0B10627FD61AC0085E072 /* AppDelegate.swift */; };
		A5C0B10927FD61AC0085E072 /* SceneDelegate.swift in Sources */ = {isa = PBXBuildFile; fileRef = A5C0B10827FD61AC0085E072 /* SceneDelegate.swift */; };
		A5C0B10B27FD61AC0085E072 /* RepositoryListViewController.swift in Sources */ = {isa = PBXBuildFile; fileRef = A5C0B10A27FD61AC0085E072 /* RepositoryListViewController.swift */; };
		A5C0B11027FD61B00085E072 /* Assets.xcassets in Resources */ = {isa = PBXBuildFile; fileRef = A5C0B10F27FD61B00085E072 /* Assets.xcassets */; };
		A5C0B11327FD61B00085E072 /* LaunchScreen.storyboard in Resources */ = {isa = PBXBuildFile; fileRef = A5C0B11127FD61B00085E072 /* LaunchScreen.storyboard */; };
		A5C0B13C27FD73700085E072 /* RepositoryListCell.swift in Sources */ = {isa = PBXBuildFile; fileRef = A5C0B13B27FD73700085E072 /* RepositoryListCell.swift */; };
		A5C0B13F27FD73900085E072 /* SnapKit in Frameworks */ = {isa = PBXBuildFile; productRef = A5C0B13E27FD73900085E072 /* SnapKit */; };
		A5C0B14127FD7D950085E072 /* Repository.swift in Sources */ = {isa = PBXBuildFile; fileRef = A5C0B14027FD7D950085E072 /* Repository.swift */; };
/* End PBXBuildFile section */

/* Begin PBXFileReference section */
		1DE81CEB5CE4142E230F66EE /* Pods_GitHubRepositoryApp.framework */ = {isa = PBXFileReference; explicitFileType = wrapper.framework; includeInIndex = 0; path = Pods_GitHubRepositoryApp.framework; sourceTree = BUILT_PRODUCTS_DIR; };
		5AF84006B71CA1FBE2240DD4 /* Pods-GitHubRepositoryApp.release.xcconfig */ = {isa = PBXFileReference; includeInIndex = 1; lastKnownFileType = text.xcconfig; name = "Pods-GitHubRepositoryApp.release.xcconfig"; path = "Target Support Files/Pods-GitHubRepositoryApp/Pods-GitHubRepositoryApp.release.xcconfig"; sourceTree = "<group>"; };
		A5C0B10327FD61AC0085E072 /* GitHubRepositoryApp.app */ = {isa = PBXFileReference; explicitFileType = wrapper.application; includeInIndex = 0; path = GitHubRepositoryApp.app; sourceTree = BUILT_PRODUCTS_DIR; };
		A5C0B10627FD61AC0085E072 /* AppDelegate.swift */ = {isa = PBXFileReference; lastKnownFileType = sourcecode.swift; path = AppDelegate.swift; sourceTree = "<group>"; };
		A5C0B10827FD61AC0085E072 /* SceneDelegate.swift */ = {isa = PBXFileReference; lastKnownFileType = sourcecode.swift; path = SceneDelegate.swift; sourceTree = "<group>"; };
		A5C0B10A27FD61AC0085E072 /* RepositoryListViewController.swift */ = {isa = PBXFileReference; lastKnownFileType = sourcecode.swift; path = RepositoryListViewController.swift; sourceTree = "<group>"; };
		A5C0B10F27FD61B00085E072 /* Assets.xcassets */ = {isa = PBXFileReference; lastKnownFileType = folder.assetcatalog; path = Assets.xcassets; sourceTree = "<group>"; };
		A5C0B11227FD61B00085E072 /* Base */ = {isa = PBXFileReference; lastKnownFileType = file.storyboard; name = Base; path = Base.lproj/LaunchScreen.storyboard; sourceTree = "<group>"; };
		A5C0B11427FD61B00085E072 /* Info.plist */ = {isa = PBXFileReference; lastKnownFileType = text.plist.xml; path = Info.plist; sourceTree = "<group>"; };
		A5C0B13B27FD73700085E072 /* RepositoryListCell.swift */ = {isa = PBXFileReference; lastKnownFileType = sourcecode.swift; path = RepositoryListCell.swift; sourceTree = "<group>"; };
		A5C0B14027FD7D950085E072 /* Repository.swift */ = {isa = PBXFileReference; lastKnownFileType = sourcecode.swift; path = Repository.swift; sourceTree = "<group>"; };
		D9DFC29BD4579D597507B596 /* Pods-GitHubRepositoryApp.debug.xcconfig */ = {isa = PBXFileReference; includeInIndex = 1; lastKnownFileType = text.xcconfig; name = "Pods-GitHubRepositoryApp.debug.xcconfig"; path = "Target Support Files/Pods-GitHubRepositoryApp/Pods-GitHubRepositoryApp.debug.xcconfig"; sourceTree = "<group>"; };
/* End PBXFileReference section */

/* Begin PBXFrameworksBuildPhase section */
		A5C0B10027FD61AC0085E072 /* Frameworks */ = {
			isa = PBXFrameworksBuildPhase;
			buildActionMask = 2147483647;
			files = (
				43E9FC0C4658EFDB6E6F76C9 /* Pods_GitHubRepositoryApp.framework in Frameworks */,
				A5C0B13F27FD73900085E072 /* SnapKit in Frameworks */,
			);
			runOnlyForDeploymentPostprocessing = 0;
		};
/* End PBXFrameworksBuildPhase section */

/* Begin PBXGroup section */
		0ED95ED64B57400DC37AD59B /* Pods */ = {
			isa = PBXGroup;
			children = (
				D9DFC29BD4579D597507B596 /* Pods-GitHubRepositoryApp.debug.xcconfig */,
				5AF84006B71CA1FBE2240DD4 /* Pods-GitHubRepositoryApp.release.xcconfig */,
			);
			path = Pods;
			sourceTree = "<group>";
		};
		A5C0B0FA27FD61AC0085E072 = {
			isa = PBXGroup;
			children = (
				A5C0B10527FD61AC0085E072 /* GitHubRepositoryApp */,
				A5C0B10427FD61AC0085E072 /* Products */,
				0ED95ED64B57400DC37AD59B /* Pods */,
				C63BD6092AEDBEEB06A6938C /* Frameworks */,
			);
			sourceTree = "<group>";
		};
		A5C0B10427FD61AC0085E072 /* Products */ = {
			isa = PBXGroup;
			children = (
				A5C0B10327FD61AC0085E072 /* GitHubRepositoryApp.app */,
			);
			name = Products;
			sourceTree = "<group>";
		};
		A5C0B10527FD61AC0085E072 /* GitHubRepositoryApp */ = {
			isa = PBXGroup;
			children = (
				A5C0B10627FD61AC0085E072 /* AppDelegate.swift */,
				A5C0B10827FD61AC0085E072 /* SceneDelegate.swift */,
				A5C0B10A27FD61AC0085E072 /* RepositoryListViewController.swift */,
				A5C0B13B27FD73700085E072 /* RepositoryListCell.swift */,
				A5C0B10F27FD61B00085E072 /* Assets.xcassets */,
				A5C0B11127FD61B00085E072 /* LaunchScreen.storyboard */,
				A5C0B11427FD61B00085E072 /* Info.plist */,
				A5C0B14027FD7D950085E072 /* Repository.swift */,
			);
			path = GitHubRepositoryApp;
			sourceTree = "<group>";
		};
		C63BD6092AEDBEEB06A6938C /* Frameworks */ = {
			isa = PBXGroup;
			children = (
				1DE81CEB5CE4142E230F66EE /* Pods_GitHubRepositoryApp.framework */,
			);
			name = Frameworks;
			sourceTree = "<group>";
		};
/* End PBXGroup section */

/* Begin PBXNativeTarget section */
		A5C0B10227FD61AC0085E072 /* GitHubRepositoryApp */ = {
			isa = PBXNativeTarget;
			buildConfigurationList = A5C0B11727FD61B00085E072 /* Build configuration list for PBXNativeTarget "GitHubRepositoryApp" */;
			buildPhases = (
				3F402F04B1EEA1559B864421 /* [CP] Check Pods Manifest.lock */,
				A5C0B0FF27FD61AC0085E072 /* Sources */,
				A5C0B10027FD61AC0085E072 /* Frameworks */,
				A5C0B10127FD61AC0085E072 /* Resources */,
				2B8B568BF9E21D58C211476E /* [CP] Embed Pods Frameworks */,
			);
			buildRules = (
			);
			dependencies = (
			);
			name = GitHubRepositoryApp;
			packageProductDependencies = (
				A5C0B13E27FD73900085E072 /* SnapKit */,
			);
			productName = GitHubRepositoryApp;
			productReference = A5C0B10327FD61AC0085E072 /* GitHubRepositoryApp.app */;
			productType = "com.apple.product-type.application";
		};
/* End PBXNativeTarget section */

/* Begin PBXProject section */
		A5C0B0FB27FD61AC0085E072 /* Project object */ = {
			isa = PBXProject;
			attributes = {
				BuildIndependentTargetsInParallel = 1;
				LastSwiftUpdateCheck = 1330;
				LastUpgradeCheck = 1330;
				TargetAttributes = {
					A5C0B10227FD61AC0085E072 = {
						CreatedOnToolsVersion = 13.3;
					};
				};
			};
			buildConfigurationList = A5C0B0FE27FD61AC0085E072 /* Build configuration list for PBXProject "GitHubRepositoryApp" */;
			compatibilityVersion = "Xcode 13.0";
			developmentRegion = en;
			hasScannedForEncodings = 0;
			knownRegions = (
				en,
				Base,
			);
			mainGroup = A5C0B0FA27FD61AC0085E072;
			packageReferences = (
				A5C0B13D27FD73900085E072 /* XCRemoteSwiftPackageReference "SnapKit" */,
			);
			productRefGroup = A5C0B10427FD61AC0085E072 /* Products */;
			projectDirPath = "";
			projectRoot = "";
			targets = (
				A5C0B10227FD61AC0085E072 /* GitHubRepositoryApp */,
			);
		};
/* End PBXProject section */

/* Begin PBXResourcesBuildPhase section */
		A5C0B10127FD61AC0085E072 /* Resources */ = {
			isa = PBXResourcesBuildPhase;
			buildActionMask = 2147483647;
			files = (
				A5C0B11327FD61B00085E072 /* LaunchScreen.storyboard in Resources */,
				A5C0B11027FD61B00085E072 /* Assets.xcassets in Resources */,
			);
			runOnlyForDeploymentPostprocessing = 0;
		};
/* End PBXResourcesBuildPhase section */

/* Begin PBXShellScriptBuildPhase section */
		2B8B568BF9E21D58C211476E /* [CP] Embed Pods Frameworks */ = {
			isa = PBXShellScriptBuildPhase;
			buildActionMask = 2147483647;
			files = (
			);
			inputFileListPaths = (
				"${PODS_ROOT}/Target Support Files/Pods-GitHubRepositoryApp/Pods-GitHubRepositoryApp-frameworks-${CONFIGURATION}-input-files.xcfilelist",
			);
			name = "[CP] Embed Pods Frameworks";
			outputFileListPaths = (
				"${PODS_ROOT}/Target Support Files/Pods-GitHubRepositoryApp/Pods-GitHubRepositoryApp-frameworks-${CONFIGURATION}-output-files.xcfilelist",
			);
			runOnlyForDeploymentPostprocessing = 0;
			shellPath = /bin/sh;
			shellScript = "\"${PODS_ROOT}/Target Support Files/Pods-GitHubRepositoryApp/Pods-GitHubRepositoryApp-frameworks.sh\"\n";
			showEnvVarsInLog = 0;
		};
		3F402F04B1EEA1559B864421 /* [CP] Check Pods Manifest.lock */ = {
			isa = PBXShellScriptBuildPhase;
			buildActionMask = 2147483647;
			files = (
			);
			inputFileListPaths = (
			);
			inputPaths = (
				"${PODS_PODFILE_DIR_PATH}/Podfile.lock",
				"${PODS_ROOT}/Manifest.lock",
			);
			name = "[CP] Check Pods Manifest.lock";
			outputFileListPaths = (
			);
			outputPaths = (
				"$(DERIVED_FILE_DIR)/Pods-GitHubRepositoryApp-checkManifestLockResult.txt",
			);
			runOnlyForDeploymentPostprocessing = 0;
			shellPath = /bin/sh;
			shellScript = "diff \"${PODS_PODFILE_DIR_PATH}/Podfile.lock\" \"${PODS_ROOT}/Manifest.lock\" > /dev/null\nif [ $? != 0 ] ; then\n    # print error to STDERR\n    echo \"error: The sandbox is not in sync with the Podfile.lock. Run 'pod install' or update your CocoaPods installation.\" >&2\n    exit 1\nfi\n# This output is used by Xcode 'outputs' to avoid re-running this script phase.\necho \"SUCCESS\" > \"${SCRIPT_OUTPUT_FILE_0}\"\n";
			showEnvVarsInLog = 0;
		};
/* End PBXShellScriptBuildPhase section */

/* Begin PBXSourcesBuildPhase section */
		A5C0B0FF27FD61AC0085E072 /* Sources */ = {
			isa = PBXSourcesBuildPhase;
			buildActionMask = 2147483647;
			files = (
				A5C0B10B27FD61AC0085E072 /* RepositoryListViewController.swift in Sources */,
				A5C0B10727FD61AC0085E072 /* AppDelegate.swift in Sources */,
				A5C0B14127FD7D950085E072 /* Repository.swift in Sources */,
				A5C0B10927FD61AC0085E072 /* SceneDelegate.swift in Sources */,
				A5C0B13C27FD73700085E072 /* RepositoryListCell.swift in Sources */,
			);
			runOnlyForDeploymentPostprocessing = 0;
		};
/* End PBXSourcesBuildPhase section */

/* Begin PBXVariantGroup section */
		A5C0B11127FD61B00085E072 /* LaunchScreen.storyboard */ = {
			isa = PBXVariantGroup;
			children = (
				A5C0B11227FD61B00085E072 /* Base */,
			);
			name = LaunchScreen.storyboard;
			sourceTree = "<group>";
		};
/* End PBXVariantGroup section */

/* Begin XCBuildConfiguration section */
		A5C0B11527FD61B00085E072 /* Debug */ = {
			isa = XCBuildConfiguration;
			buildSettings = {
				ALWAYS_SEARCH_USER_PATHS = NO;
				CLANG_ANALYZER_NONNULL = YES;
				CLANG_ANALYZER_NUMBER_OBJECT_CONVERSION = YES_AGGRESSIVE;
				CLANG_CXX_LANGUAGE_STANDARD = "gnu++17";
				CLANG_ENABLE_MODULES = YES;
				CLANG_ENABLE_OBJC_ARC = YES;
				CLANG_ENABLE_OBJC_WEAK = YES;
				CLANG_WARN_BLOCK_CAPTURE_AUTORELEASING = YES;
				CLANG_WARN_BOOL_CONVERSION = YES;
				CLANG_WARN_COMMA = YES;
				CLANG_WARN_CONSTANT_CONVERSION = YES;
				CLANG_WARN_DEPRECATED_OBJC_IMPLEMENTATIONS = YES;
				CLANG_WARN_DIRECT_OBJC_ISA_USAGE = YES_ERROR;
				CLANG_WARN_DOCUMENTATION_COMMENTS = YES;
				CLANG_WARN_EMPTY_BODY = YES;
				CLANG_WARN_ENUM_CONVERSION = YES;
				CLANG_WARN_INFINITE_RECURSION = YES;
				CLANG_WARN_INT_CONVERSION = YES;
				CLANG_WARN_NON_LITERAL_NULL_CONVERSION = YES;
				CLANG_WARN_OBJC_IMPLICIT_RETAIN_SELF = YES;
				CLANG_WARN_OBJC_LITERAL_CONVERSION = YES;
				CLANG_WARN_OBJC_ROOT_CLASS = YES_ERROR;
				CLANG_WARN_QUOTED_INCLUDE_IN_FRAMEWORK_HEADER = YES;
				CLANG_WARN_RANGE_LOOP_ANALYSIS = YES;
				CLANG_WARN_STRICT_PROTOTYPES = YES;
				CLANG_WARN_SUSPICIOUS_MOVE = YES;
				CLANG_WARN_UNGUARDED_AVAILABILITY = YES_AGGRESSIVE;
				CLANG_WARN_UNREACHABLE_CODE = YES;
				CLANG_WARN__DUPLICATE_METHOD_MATCH = YES;
				COPY_PHASE_STRIP = NO;
				DEBUG_INFORMATION_FORMAT = dwarf;
				ENABLE_STRICT_OBJC_MSGSEND = YES;
				ENABLE_TESTABILITY = YES;
				GCC_C_LANGUAGE_STANDARD = gnu11;
				GCC_DYNAMIC_NO_PIC = NO;
				GCC_NO_COMMON_BLOCKS = YES;
				GCC_OPTIMIZATION_LEVEL = 0;
				GCC_PREPROCESSOR_DEFINITIONS = (
					"DEBUG=1",
					"$(inherited)",
				);
				GCC_WARN_64_TO_32_BIT_CONVERSION = YES;
				GCC_WARN_ABOUT_RETURN_TYPE = YES_ERROR;
				GCC_WARN_UNDECLARED_SELECTOR = YES;
				GCC_WARN_UNINITIALIZED_AUTOS = YES_AGGRESSIVE;
				GCC_WARN_UNUSED_FUNCTION = YES;
				GCC_WARN_UNUSED_VARIABLE = YES;
				IPHONEOS_DEPLOYMENT_TARGET = 15.4;
				MTL_ENABLE_DEBUG_INFO = INCLUDE_SOURCE;
				MTL_FAST_MATH = YES;
				ONLY_ACTIVE_ARCH = YES;
				SDKROOT = iphoneos;
				SWIFT_ACTIVE_COMPILATION_CONDITIONS = DEBUG;
				SWIFT_OPTIMIZATION_LEVEL = "-Onone";
			};
			name = Debug;
		};
		A5C0B11627FD61B00085E072 /* Release */ = {
			isa = XCBuildConfiguration;
			buildSettings = {
				ALWAYS_SEARCH_USER_PATHS = NO;
				CLANG_ANALYZER_NONNULL = YES;
				CLANG_ANALYZER_NUMBER_OBJECT_CONVERSION = YES_AGGRESSIVE;
				CLANG_CXX_LANGUAGE_STANDARD = "gnu++17";
				CLANG_ENABLE_MODULES = YES;
				CLANG_ENABLE_OBJC_ARC = YES;
				CLANG_ENABLE_OBJC_WEAK = YES;
				CLANG_WARN_BLOCK_CAPTURE_AUTORELEASING = YES;
				CLANG_WARN_BOOL_CONVERSION = YES;
				CLANG_WARN_COMMA = YES;
				CLANG_WARN_CONSTANT_CONVERSION = YES;
				CLANG_WARN_DEPRECATED_OBJC_IMPLEMENTATIONS = YES;
				CLANG_WARN_DIRECT_OBJC_ISA_USAGE = YES_ERROR;
				CLANG_WARN_DOCUMENTATION_COMMENTS = YES;
				CLANG_WARN_EMPTY_BODY = YES;
				CLANG_WARN_ENUM_CONVERSION = YES;
				CLANG_WARN_INFINITE_RECURSION = YES;
				CLANG_WARN_INT_CONVERSION = YES;
				CLANG_WARN_NON_LITERAL_NULL_CONVERSION = YES;
				CLANG_WARN_OBJC_IMPLICIT_RETAIN_SELF = YES;
				CLANG_WARN_OBJC_LITERAL_CONVERSION = YES;
				CLANG_WARN_OBJC_ROOT_CLASS = YES_ERROR;
				CLANG_WARN_QUOTED_INCLUDE_IN_FRAMEWORK_HEADER = YES;
				CLANG_WARN_RANGE_LOOP_ANALYSIS = YES;
				CLANG_WARN_STRICT_PROTOTYPES = YES;
				CLANG_WARN_SUSPICIOUS_MOVE = YES;
				CLANG_WARN_UNGUARDED_AVAILABILITY = YES_AGGRESSIVE;
				CLANG_WARN_UNREACHABLE_CODE = YES;
				CLANG_WARN__DUPLICATE_METHOD_MATCH = YES;
				COPY_PHASE_STRIP = NO;
				DEBUG_INFORMATION_FORMAT = "dwarf-with-dsym";
				ENABLE_NS_ASSERTIONS = NO;
				ENABLE_STRICT_OBJC_MSGSEND = YES;
				GCC_C_LANGUAGE_STANDARD = gnu11;
				GCC_NO_COMMON_BLOCKS = YES;
				GCC_WARN_64_TO_32_BIT_CONVERSION = YES;
				GCC_WARN_ABOUT_RETURN_TYPE = YES_ERROR;
				GCC_WARN_UNDECLARED_SELECTOR = YES;
				GCC_WARN_UNINITIALIZED_AUTOS = YES_AGGRESSIVE;
				GCC_WARN_UNUSED_FUNCTION = YES;
				GCC_WARN_UNUSED_VARIABLE = YES;
				IPHONEOS_DEPLOYMENT_TARGET = 15.4;
				MTL_ENABLE_DEBUG_INFO = NO;
				MTL_FAST_MATH = YES;
				SDKROOT = iphoneos;
				SWIFT_COMPILATION_MODE = wholemodule;
				SWIFT_OPTIMIZATION_LEVEL = "-O";
				VALIDATE_PRODUCT = YES;
			};
			name = Release;
		};
		A5C0B11827FD61B00085E072 /* Debug */ = {
			isa = XCBuildConfiguration;
			baseConfigurationReference = D9DFC29BD4579D597507B596 /* Pods-GitHubRepositoryApp.debug.xcconfig */;
			buildSettings = {
				ASSETCATALOG_COMPILER_APPICON_NAME = AppIcon;
				ASSETCATALOG_COMPILER_GLOBAL_ACCENT_COLOR_NAME = AccentColor;
				CODE_SIGN_STYLE = Automatic;
				CURRENT_PROJECT_VERSION = 1;
				DEVELOPMENT_TEAM = 547FDNLPUV;
				GENERATE_INFOPLIST_FILE = YES;
				INFOPLIST_FILE = GitHubRepositoryApp/Info.plist;
				INFOPLIST_KEY_UIApplicationSupportsIndirectInputEvents = YES;
				INFOPLIST_KEY_UILaunchStoryboardName = LaunchScreen;
				INFOPLIST_KEY_UISupportedInterfaceOrientations_iPad = "UIInterfaceOrientationPortrait UIInterfaceOrientationPortraitUpsideDown UIInterfaceOrientationLandscapeLeft UIInterfaceOrientationLandscapeRight";
				INFOPLIST_KEY_UISupportedInterfaceOrientations_iPhone = "UIInterfaceOrientationPortrait UIInterfaceOrientationLandscapeLeft UIInterfaceOrientationLandscapeRight";
				LD_RUNPATH_SEARCH_PATHS = (
					"$(inherited)",
					"@executable_path/Frameworks",
				);
				MARKETING_VERSION = 1.0;
				PRODUCT_BUNDLE_IDENTIFIER = yang.GitHubRepositoryApp;
				PRODUCT_NAME = "$(TARGET_NAME)";
				SWIFT_EMIT_LOC_STRINGS = YES;
				SWIFT_VERSION = 5.0;
				TARGETED_DEVICE_FAMILY = "1,2";
			};
			name = Debug;
		};
		A5C0B11927FD61B00085E072 /* Release */ = {
			isa = XCBuildConfiguration;
			baseConfigurationReference = 5AF84006B71CA1FBE2240DD4 /* Pods-GitHubRepositoryApp.release.xcconfig */;
			buildSettings = {
				ASSETCATALOG_COMPILER_APPICON_NAME = AppIcon;
				ASSETCATALOG_COMPILER_GLOBAL_ACCENT_COLOR_NAME = AccentColor;
				CODE_SIGN_STYLE = Automatic;
				CURRENT_PROJECT_VERSION = 1;
				DEVELOPMENT_TEAM = 547FDNLPUV;
				GENERATE_INFOPLIST_FILE = YES;
				INFOPLIST_FILE = GitHubRepositoryApp/Info.plist;
				INFOPLIST_KEY_UIApplicationSupportsIndirectInputEvents = YES;
				INFOPLIST_KEY_UILaunchStoryboardName = LaunchScreen;
				INFOPLIST_KEY_UISupportedInterfaceOrientations_iPad = "UIInterfaceOrientationPortrait UIInterfaceOrientationPortraitUpsideDown UIInterfaceOrientationLandscapeLeft UIInterfaceOrientationLandscapeRight";
				INFOPLIST_KEY_UISupportedInterfaceOrientations_iPhone = "UIInterfaceOrientationPortrait UIInterfaceOrientationLandscapeLeft UIInterfaceOrientationLandscapeRight";
				LD_RUNPATH_SEARCH_PATHS = (
					"$(inherited)",
					"@executable_path/Frameworks",
				);
				MARKETING_VERSION = 1.0;
				PRODUCT_BUNDLE_IDENTIFIER = yang.GitHubRepositoryApp;
				PRODUCT_NAME = "$(TARGET_NAME)";
				SWIFT_EMIT_LOC_STRINGS = YES;
				SWIFT_VERSION = 5.0;
				TARGETED_DEVICE_FAMILY = "1,2";
			};
			name = Release;
		};
/* End XCBuildConfiguration section */

/* Begin XCConfigurationList section */
		A5C0B0FE27FD61AC0085E072 /* Build configuration list for PBXProject "GitHubRepositoryApp" */ = {
			isa = XCConfigurationList;
			buildConfigurations = (
				A5C0B11527FD61B00085E072 /* Debug */,
				A5C0B11627FD61B00085E072 /* Release */,
			);
			defaultConfigurationIsVisible = 0;
			defaultConfigurationName = Release;
		};
		A5C0B11727FD61B00085E072 /* Build configuration list for PBXNativeTarget "GitHubRepositoryApp" */ = {
			isa = XCConfigurationList;
			buildConfigurations = (
				A5C0B11827FD61B00085E072 /* Debug */,
				A5C0B11927FD61B00085E072 /* Release */,
			);
			defaultConfigurationIsVisible = 0;
			defaultConfigurationName = Release;
		};
/* End XCConfigurationList section */

/* Begin XCRemoteSwiftPackageReference section */
		A5C0B13D27FD73900085E072 /* XCRemoteSwiftPackageReference "SnapKit" */ = {
			isa = XCRemoteSwiftPackageReference;
			repositoryURL = "https://github.com/SnapKit/SnapKit.git";
			requirement = {
				kind = upToNextMajorVersion;
				minimumVersion = 5.0.0;
			};
		};
/* End XCRemoteSwiftPackageReference section */

/* Begin XCSwiftPackageProductDependency section */
		A5C0B13E27FD73900085E072 /* SnapKit */ = {
			isa = XCSwiftPackageProductDependency;
			package = A5C0B13D27FD73900085E072 /* XCRemoteSwiftPackageReference "SnapKit" */;
			productName = SnapKit;
		};
/* End XCSwiftPackageProductDependency section */
	};
	rootObject = A5C0B0FB27FD61AC0085E072 /* Project object */;
}
